github.com/go-diskimages/qcow2 v0.3.0 h1:qV2PVIyB4hstznP83b7Wf4Br4KjRdzZdA5rYjIh/Tj8=
github.com/go-diskimages/qcow2 v0.3.0/go.mod h1:qscQzV1fh2PlUzWrdoEEhzbYHgCSK34vevk/kjy4JKM=
github.com/go-filesystems/interface v0.4.0 h1:JAekS0P8ocsFy8knnIZvkKJiifgRw3RKACkL3MQmBd4=
github.com/go-filesystems/interface v0.4.0/go.mod h1:u9v8mvapNV8djzObwCECdyd2g6JBU6HNTR4EAqxOn6U=
github.com/go-volumes/gpt v0.3.0 h1:ZA33VVlmlkA47fFY+BkFylsufqq1TBoASIuBmri+xsw=
github.com/go-volumes/gpt v0.3.0/go.mod h1:Dha6JL5/mGyDai8tWvZOPYn6pqe75NOtMRYGm3N4Qv8=
github.com/go-volumes/safeio v0.0.0-20261005011856-0ebc4afd6b14 h1:U1tu30vHRb7Mp4u9f2lYAmeNE1+1kJVdBv2mOndXvuI=
github.com/go-volumes/safeio v0.0.0-20261005011856-0ebc4afd6b14/go.mod h1:Xitv1BsPmFxrxxlkHNBZ4PIA+5lbf3F6N/+7ecsHFnY=
