github.com/go-filesystems/interface v0.4.0 h1:JAekS0P8ocsFy8knnIZvkKJiifgRw3RKACkL3MQmBd4=
github.com/go-filesystems/interface v0.4.0/go.mod h1:u9v8mvapNV8djzObwCECdyd2g6JBU6HNTR4EAqxOn6U=
github.com/go-volumes/gpt v0.2.0 h1:9qLfeS9pcyXbowgRJr0mf07u0IX9XzqYQW1UHK2X/qo=
github.com/go-volumes/gpt v0.2.0/go.mod h1:eBAzPkLd8zHkg3WiYGk70M4g6PYY8S5K4JP+kEMs0mw=
github.com/go-volumes/safeio v0.0.0-20260831125406-d8f54b2890d4 h1:RKO58FmZvbvKh6wf+7Y8gohGJ0/2hq4N8L+x2kT9bak=
github.com/go-volumes/safeio v0.0.0-20260831125406-d8f54b2890d4/go.mod h1:QQdGwEUmPSdzD+OPq+ZcKso9ljssqgBXNk0/9z7moho=
